
Microsoft Visual Studio Solution File, Format Version 12.00
# Visual Studio 15
VisualStudioVersion = 15.0.34112.143
MinimumVisualStudioVersion = 10.0.40219.1
Project("{FAE04EC0-301F-11D3-BF4B-00C04F79EFBC}") = "booty", "booty\booty.csproj", "{9411A84D-FE18-45C1-95E1-9B2548437874}"
EndProject
Global
	GlobalSection(SolutionConfigurationPlatforms) = preSolution
		Debug|Any CPU = Debug|Any CPU
		Release|Any CPU = Release|Any CPU
	EndGlobalSection
	GlobalSection(ProjectConfigurationPlatforms) = postSolution
		{9411A84D-FE18-45C1-95E1-9B2548437874}.Debug|Any CPU.ActiveCfg = Debug|Any CPU
		{9411A84D-FE18-45C1-95E1-9B2548437874}.Debug|Any CPU.Build.0 = Debug|Any CPU
		{9411A84D-FE18-45C1-95E1-9B2548437874}.Release|Any CPU.ActiveCfg = Release|Any CPU
		{9411A84D-FE18-45C1-95E1-9B2548437874}.Release|Any CPU.Build.0 = Release|Any CPU
	EndGlobalSection
	GlobalSection(SolutionProperties) = preSolution
		HideSolutionNode = FALSE
	EndGlobalSection
	GlobalSection(ExtensibilityGlobals) = postSolution
		SolutionGuid = {94C552DE-2DDF-46DC-93BE-4B7A87420ED9}
	EndGlobalSection
EndGlobal
